
Microsoft Visual Studio Solution File, Format Version 12.00
# Visual Studio Version 17
VisualStudioVersion = 17.3.32922.545
MinimumVisualStudioVersion = 10.0.40219.1
Project("{FAE04EC0-301F-11D3-BF4B-00C04F79EFBC}") = "LabWorks_1_2", "LabWorks_1_2\LabWorks_1_2.csproj", "{F66609BC-C94A-4A7B-8DC5-95DBB0EF8E8F}"
EndProject
Global
	GlobalSection(SolutionConfigurationPlatforms) = preSolution
		Debug|Any CPU = Debug|Any CPU
		Release|Any CPU = Release|Any CPU
	EndGlobalSection
	GlobalSection(ProjectConfigurationPlatforms) = postSolution
		{F66609BC-C94A-4A7B-8DC5-95DBB0EF8E8F}.Debug|Any CPU.ActiveCfg = Debug|Any CPU
		{F66609BC-C94A-4A7B-8DC5-95DBB0EF8E8F}.Debug|Any CPU.Build.0 = Debug|Any CPU
		{F66609BC-C94A-4A7B-8DC5-95DBB0EF8E8F}.Release|Any CPU.ActiveCfg = Release|Any CPU
		{F66609BC-C94A-4A7B-8DC5-95DBB0EF8E8F}.Release|Any CPU.Build.0 = Release|Any CPU
	EndGlobalSection
	GlobalSection(SolutionProperties) = preSolution
		HideSolutionNode = FALSE
	EndGlobalSection
	GlobalSection(ExtensibilityGlobals) = postSolution
		SolutionGuid = {F9DDA7DC-4854-4CD3-B778-AEF40DA4A412}
	EndGlobalSection
EndGlobal
